// !$*UTF8*$!
{
	archiveVersion = 1;
	classes = {
	};
	objectVersion = 50;
	objects = {

/* Begin PBXBuildFile section */
		185FE79A20A1B02C00C22837 /* AppDelegate.swift in Sources */ = {isa = PBXBuildFile; fileRef = 185FE79920A1B02C00C22837 /* AppDelegate.swift */; };
		185FE79C20A1B02C00C22837 /* ViewController.swift in Sources */ = {isa = PBXBuildFile; fileRef = 185FE79B20A1B02C00C22837 /* ViewController.swift */; };
		185FE79F20A1B02C00C22837 /* Main.storyboard in Resources */ = {isa = PBXBuildFile; fileRef = 185FE79D20A1B02C00C22837 /* Main.storyboard */; };
		185FE7A120A1B02E00C22837 /* Assets.xcassets in Resources */ = {isa = PBXBuildFile; fileRef = 185FE7A020A1B02E00C22837 /* Assets.xcassets */; };
		185FE7A420A1B02E00C22837 /* LaunchScreen.storyboard in Resources */ = {isa = PBXBuildFile; fileRef = 185FE7A220A1B02E00C22837 /* LaunchScreen.storyboard */; };
		185FE7AF20A1B02E00C22837 /* ScrollView__PageControl_DemoTests.swift in Sources */ = {isa = PBXBuildFile; fileRef = 185FE7AE20A1B02E00C22837 /* ScrollView__PageControl_DemoTests.swift */; };
		185FE7BA20A1B02E00C22837 /* ScrollView__PageControl_DemoUITests.swift in Sources */ = {isa = PBXBuildFile; fileRef = 185FE7B920A1B02E00C22837 /* ScrollView__PageControl_DemoUITests.swift */; };
/* End PBXBuildFile section */

/* Begin PBXContainerItemProxy section */
		185FE7AB20A1B02E00C22837 /* PBXContainerItemProxy */ = {
			isa = PBXContainerItemProxy;
			containerPortal = 185FE78E20A1B02C00C22837 /* Project object */;
			proxyType = 1;
			remoteGlobalIDString = 185FE79520A1B02C00C22837;
			remoteInfo = "ScrollView&&PageControl_Demo";
		};
		185FE7B620A1B02E00C22837 /* PBXContainerItemProxy */ = {
			isa = PBXContainerItemProxy;
			containerPortal = 185FE78E20A1B02C00C22837 /* Project object */;
			proxyType = 1;
			remoteGlobalIDString = 185FE79520A1B02C00C22837;
			remoteInfo = "ScrollView&&PageControl_Demo";
		};
/* End PBXContainerItemProxy section */

/* Begin PBXFileReference section */
		185FE79620A1B02C00C22837 /* ScrollView&&PageControl_Demo.app */ = {isa = PBXFileReference; explicitFileType = wrapper.application; includeInIndex = 0; path = "ScrollView&&PageControl_Demo.app"; sourceTree = BUILT_PRODUCTS_DIR; };
		185FE79920A1B02C00C22837 /* AppDelegate.swift */ = {isa = PBXFileReference; lastKnownFileType = sourcecode.swift; path = AppDelegate.swift; sourceTree = "<group>"; };
		185FE79B20A1B02C00C22837 /* ViewController.swift */ = {isa = PBXFileReference; lastKnownFileType = sourcecode.swift; path = ViewController.swift; sourceTree = "<group>"; };
		185FE79E20A1B02C00C22837 /* Base */ = {isa = PBXFileReference; lastKnownFileType = file.storyboard; name = Base; path = Base.lproj/Main.storyboard; sourceTree = "<group>"; };
		185FE7A020A1B02E00C22837 /* Assets.xcassets */ = {isa = PBXFileReference; lastKnownFileType = folder.assetcatalog; path = Assets.xcassets; sourceTree = "<group>"; };
		185FE7A320A1B02E00C22837 /* Base */ = {isa = PBXFileReference; lastKnownFileType = file.storyboard; name = Base; path = Base.lproj/LaunchScreen.storyboard; sourceTree = "<group>"; };
		185FE7A520A1B02E00C22837 /* Info.plist */ = {isa = PBXFileReference; lastKnownFileType = text.plist.xml; path = Info.plist; sourceTree = "<group>"; };
		185FE7AA20A1B02E00C22837 /* ScrollView&&PageControl_DemoTests.xctest */ = {isa = PBXFileReference; explicitFileType = wrapper.cfbundle; includeInIndex = 0; path = "ScrollView&&PageControl_DemoTests.xctest"; sourceTree = BUILT_PRODUCTS_DIR; };
		185FE7AE20A1B02E00C22837 /* ScrollView__PageControl_DemoTests.swift */ = {isa = PBXFileReference; lastKnownFileType = sourcecode.swift; path = ScrollView__PageControl_DemoTests.swift; sourceTree = "<group>"; };
		185FE7B020A1B02E00C22837 /* Info.plist */ = {isa = PBXFileReference; lastKnownFileType = text.plist.xml; path = Info.plist; sourceTree = "<group>"; };
		185FE7B520A1B02E00C22837 /* ScrollView&&PageControl_DemoUITests.xctest */ = {isa = PBXFileReference; explicitFileType = wrapper.cfbundle; includeInIndex = 0; path = "ScrollView&&PageControl_DemoUITests.xctest"; sourceTree = BUILT_PRODUCTS_DIR; };
		185FE7B920A1B02E00C22837 /* ScrollView__PageControl_DemoUITests.swift */ = {isa = PBXFileReference; lastKnownFileType = sourcecode.swift; path = ScrollView__PageControl_DemoUITests.swift; sourceTree = "<group>"; };
		185FE7BB20A1B02E00C22837 /* Info.plist */ = {isa = PBXFileReference; lastKnownFileType = text.plist.xml; path = Info.plist; sourceTree = "<group>"; };
/* End PBXFileReference section */

/* Begin PBXFrameworksBuildPhase section */
		185FE79320A1B02C00C22837 /* Frameworks */ = {
			isa = PBXFrameworksBuildPhase;
			buildActionMask = 2147483647;
			files = (
			);
			runOnlyForDeploymentPostprocessing = 0;
		};
		185FE7A720A1B02E00C22837 /* Frameworks */ = {
			isa = PBXFrameworksBuildPhase;
			buildActionMask = 2147483647;
			files = (
			);
			runOnlyForDeploymentPostprocessing = 0;
		};
		185FE7B220A1B02E00C22837 /* Frameworks */ = {
			isa = PBXFrameworksBuildPhase;
			buildActionMask = 2147483647;
			files = (
			);
			runOnlyForDeploymentPostprocessing = 0;
		};
/* End PBXFrameworksBuildPhase section */

/* Begin PBXGroup section */
		185FE78D20A1B02C00C22837 = {
			isa = PBXGroup;
			children = (
				185FE79820A1B02C00C22837 /* ScrollView&&PageControl_Demo */,
				185FE7AD20A1B02E00C22837 /* ScrollView&&PageControl_DemoTests */,
				185FE7B820A1B02E00C22837 /* ScrollView&&PageControl_DemoUITests */,
				185FE79720A1B02C00C22837 /* Products */,
			);
			sourceTree = "<group>";
		};
		185FE79720A1B02C00C22837 /* Products */ = {
			isa = PBXGroup;
			children = (
				185FE79620A1B02C00C22837 /* ScrollView&&PageControl_Demo.app */,
				185FE7AA20A1B02E00C22837 /* ScrollView&&PageControl_DemoTests.xctest */,
				185FE7B520A1B02E00C22837 /* ScrollView&&PageControl_DemoUITests.xctest */,
			);
			name = Products;
			sourceTree = "<group>";
		};
		185FE79820A1B02C00C22837 /* ScrollView&&PageControl_Demo */ = {
			isa = PBXGroup;
			children = (
				185FE79920A1B02C00C22837 /* AppDelegate.swift */,
				185FE79B20A1B02C00C22837 /* ViewController.swift */,
				185FE79D20A1B02C00C22837 /* Main.storyboard */,
				185FE7A020A1B02E00C22837 /* Assets.xcassets */,
				185FE7A220A1B02E00C22837 /* LaunchScreen.storyboard */,
				185FE7A520A1B02E00C22837 /* Info.plist */,
			);
			path = "ScrollView&&PageControl_Demo";
			sourceTree = "<group>";
		};
		185FE7AD20A1B02E00C22837 /* ScrollView&&PageControl_DemoTests */ = {
			isa = PBXGroup;
			children = (
				185FE7AE20A1B02E00C22837 /* ScrollView__PageControl_DemoTests.swift */,
				185FE7B020A1B02E00C22837 /* Info.plist */,
			);
			path = "ScrollView&&PageControl_DemoTests";
			sourceTree = "<group>";
		};
		185FE7B820A1B02E00C22837 /* ScrollView&&PageControl_DemoUITests */ = {
			isa = PBXGroup;
			children = (
				185FE7B920A1B02E00C22837 /* ScrollView__PageControl_DemoUITests.swift */,
				185FE7BB20A1B02E00C22837 /* Info.plist */,
			);
			path = "ScrollView&&PageControl_DemoUITests";
			sourceTree = "<group>";
		};
/* End PBXGroup section */

/* Begin PBXNativeTarget section */
		185FE79520A1B02C00C22837 /* ScrollView&&PageControl_Demo */ = {
			isa = PBXNativeTarget;
			buildConfigurationList = 185FE7BE20A1B02E00C22837 /* Build configuration list for PBXNativeTarget "ScrollView&&PageControl_Demo" */;
			buildPhases = (
				185FE79220A1B02C00C22837 /* Sources */,
				185FE79320A1B02C00C22837 /* Frameworks */,
				185FE79420A1B02C00C22837 /* Resources */,
			);
			buildRules = (
			);
			dependencies = (
			);
			name = "ScrollView&&PageControl_Demo";
			productName = "ScrollView&&PageControl_Demo";
			productReference = 185FE79620A1B02C00C22837 /* ScrollView&&PageControl_Demo.app */;
			productType = "com.apple.product-type.application";
		};
		185FE7A920A1B02E00C22837 /* ScrollView&&PageControl_DemoTests */ = {
			isa = PBXNativeTarget;
			buildConfigurationList = 185FE7C120A1B02E00C22837 /* Build configuration list for PBXNativeTarget "ScrollView&&PageControl_DemoTests" */;
			buildPhases = (
				185FE7A620A1B02E00C22837 /* Sources */,
				185FE7A720A1B02E00C22837 /* Frameworks */,
				185FE7A820A1B02E00C22837 /* Resources */,
			);
			buildRules = (
			);
			dependencies = (
				185FE7AC20A1B02E00C22837 /* PBXTargetDependency */,
			);
			name = "ScrollView&&PageControl_DemoTests";
			productName = "ScrollView&&PageControl_DemoTests";
			productReference = 185FE7AA20A1B02E00C22837 /* ScrollView&&PageControl_DemoTests.xctest */;
			productType = "com.apple.product-type.bundle.unit-test";
		};
		185FE7B420A1B02E00C22837 /* ScrollView&&PageControl_DemoUITests */ = {
			isa = PBXNativeTarget;
			buildConfigurationList = 185FE7C420A1B02E00C22837 /* Build configuration list for PBXNativeTarget "ScrollView&&PageControl_DemoUITests" */;
			buildPhases = (
				185FE7B120A1B02E00C22837 /* Sources */,
				185FE7B220A1B02E00C22837 /* Frameworks */,
				185FE7B320A1B02E00C22837 /* Resources */,
			);
			buildRules = (
			);
			dependencies = (
				185FE7B720A1B02E00C22837 /* PBXTargetDependency */,
			);
			name = "ScrollView&&PageControl_DemoUITests";
			productName = "ScrollView&&PageControl_DemoUITests";
			productReference = 185FE7B520A1B02E00C22837 /* ScrollView&&PageControl_DemoUITests.xctest */;
			productType = "com.apple.product-type.bundle.ui-testing";
		};
/* End PBXNativeTarget section */

/* Begin PBXProject section */
		185FE78E20A1B02C00C22837 /* Project object */ = {
			isa = PBXProject;
			attributes = {
				LastSwiftUpdateCheck = 0930;
				LastUpgradeCheck = 0930;
				ORGANIZATIONNAME = Liberate;
				TargetAttributes = {
					185FE79520A1B02C00C22837 = {
						CreatedOnToolsVersion = 9.3;
					};
					185FE7A920A1B02E00C22837 = {
						CreatedOnToolsVersion = 9.3;
						TestTargetID = 185FE79520A1B02C00C22837;
					};
					185FE7B420A1B02E00C22837 = {
						CreatedOnToolsVersion = 9.3;
						TestTargetID = 185FE79520A1B02C00C22837;
					};
				};
			};
			buildConfigurationList = 185FE79120A1B02C00C22837 /* Build configuration list for PBXProject "ScrollView&&PageControl_Demo" */;
			compatibilityVersion = "Xcode 9.3";
			developmentRegion = en;
			hasScannedForEncodings = 0;
			knownRegions = (
				en,
				Base,
			);
			mainGroup = 185FE78D20A1B02C00C22837;
			productRefGroup = 185FE79720A1B02C00C22837 /* Products */;
			projectDirPath = "";
			projectRoot = "";
			targets = (
				185FE79520A1B02C00C22837 /* ScrollView&&PageControl_Demo */,
				185FE7A920A1B02E00C22837 /* ScrollView&&PageControl_DemoTests */,
				185FE7B420A1B02E00C22837 /* ScrollView&&PageControl_DemoUITests */,
			);
		};
/* End PBXProject section */

/* Begin PBXResourcesBuildPhase section */
		185FE79420A1B02C00C22837 /* Resources */ = {
			isa = PBXResourcesBuildPhase;
			buildActionMask = 2147483647;
			files = (
				185FE7A420A1B02E00C22837 /* LaunchScreen.storyboard in Resources */,
				185FE7A120A1B02E00C22837 /* Assets.xcassets in Resources */,
				185FE79F20A1B02C00C22837 /* Main.storyboard in Resources */,
			);
			runOnlyForDeploymentPostprocessing = 0;
		};
		185FE7A820A1B02E00C22837 /* Resources */ = {
			isa = PBXResourcesBuildPhase;
			buildActionMask = 2147483647;
			files = (
			);
			runOnlyForDeploymentPostprocessing = 0;
		};
		185FE7B320A1B02E00C22837 /* Resources */ = {
			isa = PBXResourcesBuildPhase;
			buildActionMask = 2147483647;
			files = (
			);
			runOnlyForDeploymentPostprocessing = 0;
		};
/* End PBXResourcesBuildPhase section */

/* Begin PBXSourcesBuildPhase section */
		185FE79220A1B02C00C22837 /* Sources */ = {
			isa = PBXSourcesBuildPhase;
			buildActionMask = 2147483647;
			files = (
				185FE79C20A1B02C00C22837 /* ViewController.swift in Sources */,
				185FE79A20A1B02C00C22837 /* AppDelegate.swift in Sources */,
			);
			runOnlyForDeploymentPostprocessing = 0;
		};
		185FE7A620A1B02E00C22837 /* Sources */ = {
			isa = PBXSourcesBuildPhase;
			buildActionMask = 2147483647;
			files = (
				185FE7AF20A1B02E00C22837 /* ScrollView__PageControl_DemoTests.swift in Sources */,
			);
			runOnlyForDeploymentPostprocessing = 0;
		};
		185FE7B120A1B02E00C22837 /* Sources */ = {
			isa = PBXSourcesBuildPhase;
			buildActionMask = 2147483647;
			files = (
				185FE7BA20A1B02E00C22837 /* ScrollView__PageControl_DemoUITests.swift in Sources */,
			);
			runOnlyForDeploymentPostprocessing = 0;
		};
/* End PBXSourcesBuildPhase section */

/* Begin PBXTargetDependency section */
		185FE7AC20A1B02E00C22837 /* PBXTargetDependency */ = {
			isa = PBXTargetDependency;
			target = 185FE79520A1B02C00C22837 /* ScrollView&&PageControl_Demo */;
			targetProxy = 185FE7AB20A1B02E00C22837 /* PBXContainerItemProxy */;
		};
		185FE7B720A1B02E00C22837 /* PBXTargetDependency */ = {
			isa = PBXTargetDependency;
			target = 185FE79520A1B02C00C22837 /* ScrollView&&PageControl_Demo */;
			targetProxy = 185FE7B620A1B02E00C22837 /* PBXContainerItemProxy */;
		};
/* End PBXTargetDependency section */

/* Begin PBXVariantGroup section */
		185FE79D20A1B02C00C22837 /* Main.storyboard */ = {
			isa = PBXVariantGroup;
			children = (
				185FE79E20A1B02C00C22837 /* Base */,
			);
			name = Main.storyboard;
			sourceTree = "<group>";
		};
		185FE7A220A1B02E00C22837 /* LaunchScreen.storyboard */ = {
			isa = PBXVariantGroup;
			children = (
				185FE7A320A1B02E00C22837 /* Base */,
			);
			name = LaunchScreen.storyboard;
			sourceTree = "<group>";
		};
/* End PBXVariantGroup section */

/* Begin XCBuildConfiguration section */
		185FE7BC20A1B02E00C22837 /* Debug */ = {
			isa = XCBuildConfiguration;
			buildSettings = {
				ALWAYS_SEARCH_USER_PATHS = NO;
				CLANG_ANALYZER_NONNULL = YES;
				CLANG_ANALYZER_NUMBER_OBJECT_CONVERSION = YES_AGGRESSIVE;
				CLANG_CXX_LANGUAGE_STANDARD = "gnu++14";
				CLANG_CXX_LIBRARY = "libc++";
				CLANG_ENABLE_MODULES = YES;
				CLANG_ENABLE_OBJC_ARC = YES;
				CLANG_ENABLE_OBJC_WEAK = YES;
				CLANG_WARN_BLOCK_CAPTURE_AUTORELEASING = YES;
				CLANG_WARN_BOOL_CONVERSION = YES;
				CLANG_WARN_COMMA = YES;
				CLANG_WARN_CONSTANT_CONVERSION = YES;
				CLANG_WARN_DEPRECATED_OBJC_IMPLEMENTATIONS = YES;
				CLANG_WARN_DIRECT_OBJC_ISA_USAGE = YES_ERROR;
				CLANG_WARN_DOCUMENTATION_COMMENTS = YES;
				CLANG_WARN_EMPTY_BODY = YES;
				CLANG_WARN_ENUM_CONVERSION = YES;
				CLANG_WARN_INFINITE_RECURSION = YES;
				CLANG_WARN_INT_CONVERSION = YES;
				CLANG_WARN_NON_LITERAL_NULL_CONVERSION = YES;
				CLANG_WARN_OBJC_IMPLICIT_RETAIN_SELF = YES;
				CLANG_WARN_OBJC_LITERAL_CONVERSION = YES;
				CLANG_WARN_OBJC_ROOT_CLASS = YES_ERROR;
				CLANG_WARN_RANGE_LOOP_ANALYSIS = YES;
				CLANG_WARN_STRICT_PROTOTYPES = YES;
				CLANG_WARN_SUSPICIOUS_MOVE = YES;
				CLANG_WARN_UNGUARDED_AVAILABILITY = YES_AGGRESSIVE;
				CLANG_WARN_UNREACHABLE_CODE = YES;
				CLANG_WARN__DUPLICATE_METHOD_MATCH = YES;
				CODE_SIGN_IDENTITY = "iPhone Developer";
				COPY_PHASE_STRIP = NO;
				DEBUG_INFORMATION_FORMAT = dwarf;
				ENABLE_STRICT_OBJC_MSGSEND = YES;
				ENABLE_TESTABILITY = YES;
				GCC_C_LANGUAGE_STANDARD = gnu11;
				GCC_DYNAMIC_NO_PIC = NO;
				GCC_NO_COMMON_BLOCKS = YES;
				GCC_OPTIMIZATION_LEVEL = 0;
				GCC_PREPROCESSOR_DEFINITIONS = (
					"DEBUG=1",
					"$(inherited)",
				);
				GCC_WARN_64_TO_32_BIT_CONVERSION = YES;
				GCC_WARN_ABOUT_RETURN_TYPE = YES_ERROR;
				GCC_WARN_UNDECLARED_SELECTOR = YES;
				GCC_WARN_UNINITIALIZED_AUTOS = YES_AGGRESSIVE;
				GCC_WARN_UNUSED_FUNCTION = YES;
				GCC_WARN_UNUSED_VARIABLE = YES;
				IPHONEOS_DEPLOYMENT_TARGET = 11.3;
				MTL_ENABLE_DEBUG_INFO = YES;
				ONLY_ACTIVE_ARCH = YES;
				SDKROOT = iphoneos;
				SWIFT_ACTIVE_COMPILATION_CONDITIONS = DEBUG;
				SWIFT_OPTIMIZATION_LEVEL = "-Onone";
			};
			name = Debug;
		};
		185FE7BD20A1B02E00C22837 /* Release */ = {
			isa = XCBuildConfiguration;
			buildSettings = {
				ALWAYS_SEARCH_USER_PATHS = NO;
				CLANG_ANALYZER_NONNULL = YES;
				CLANG_ANALYZER_NUMBER_OBJECT_CONVERSION = YES_AGGRESSIVE;
				CLANG_CXX_LANGUAGE_STANDARD = "gnu++14";
				CLANG_CXX_LIBRARY = "libc++";
				CLANG_ENABLE_MODULES = YES;
				CLANG_ENABLE_OBJC_ARC = YES;
				CLANG_ENABLE_OBJC_WEAK = YES;
				CLANG_WARN_BLOCK_CAPTURE_AUTORELEASING = YES;
				CLANG_WARN_BOOL_CONVERSION = YES;
				CLANG_WARN_COMMA = YES;
				CLANG_WARN_CONSTANT_CONVERSION = YES;
				CLANG_WARN_DEPRECATED_OBJC_IMPLEMENTATIONS = YES;
				CLANG_WARN_DIRECT_OBJC_ISA_USAGE = YES_ERROR;
				CLANG_WARN_DOCUMENTATION_COMMENTS = YES;
				CLANG_WARN_EMPTY_BODY = YES;
				CLANG_WARN_ENUM_CONVERSION = YES;
				CLANG_WARN_INFINITE_RECURSION = YES;
				CLANG_WARN_INT_CONVERSION = YES;
				CLANG_WARN_NON_LITERAL_NULL_CONVERSION = YES;
				CLANG_WARN_OBJC_IMPLICIT_RETAIN_SELF = YES;
				CLANG_WARN_OBJC_LITERAL_CONVERSION = YES;
				CLANG_WARN_OBJC_ROOT_CLASS = YES_ERROR;
				CLANG_WARN_RANGE_LOOP_ANALYSIS = YES;
				CLANG_WARN_STRICT_PROTOTYPES = YES;
				CLANG_WARN_SUSPICIOUS_MOVE = YES;
				CLANG_WARN_UNGUARDED_AVAILABILITY = YES_AGGRESSIVE;
				CLANG_WARN_UNREACHABLE_CODE = YES;
				CLANG_WARN__DUPLICATE_METHOD_MATCH = YES;
				CODE_SIGN_IDENTITY = "iPhone Developer";
				COPY_PHASE_STRIP = NO;
				DEBUG_INFORMATION_FORMAT = "dwarf-with-dsym";
				ENABLE_NS_ASSERTIONS = NO;
				ENABLE_STRICT_OBJC_MSGSEND = YES;
				GCC_C_LANGUAGE_STANDARD = gnu11;
				GCC_NO_COMMON_BLOCKS = YES;
				GCC_WARN_64_TO_32_BIT_CONVERSION = YES;
				GCC_WARN_ABOUT_RETURN_TYPE = YES_ERROR;
				GCC_WARN_UNDECLARED_SELECTOR = YES;
				GCC_WARN_UNINITIALIZED_AUTOS = YES_AGGRESSIVE;
				GCC_WARN_UNUSED_FUNCTION = YES;
				GCC_WARN_UNUSED_VARIABLE = YES;
				IPHONEOS_DEPLOYMENT_TARGET = 11.3;
				MTL_ENABLE_DEBUG_INFO = NO;
				SDKROOT = iphoneos;
				SWIFT_COMPILATION_MODE = wholemodule;
				SWIFT_OPTIMIZATION_LEVEL = "-O";
				VALIDATE_PRODUCT = YES;
			};
			name = Release;
		};
		185FE7BF20A1B02E00C22837 /* Debug */ = {
			isa = XCBuildConfiguration;
			buildSettings = {
				ASSETCATALOG_COMPILER_APPICON_NAME = AppIcon;
				CODE_SIGN_STYLE = Automatic;
				INFOPLIST_FILE = "ScrollView&&PageControl_Demo/Info.plist";
				LD_RUNPATH_SEARCH_PATHS = (
					"$(inherited)",
					"@executable_path/Frameworks",
				);
				PRODUCT_BUNDLE_IDENTIFIER = "com.yourcompany.ScrollView--PageControl-Demo";
				PRODUCT_NAME = "$(TARGET_NAME)";
				SWIFT_VERSION = 4.0;
				TARGETED_DEVICE_FAMILY = "1,2";
			};
			name = Debug;
		};
		185FE7C020A1B02E00C22837 /* Release */ = {
			isa = XCBuildConfiguration;
			buildSettings = {
				ASSETCATALOG_COMPILER_APPICON_NAME = AppIcon;
				CODE_SIGN_STYLE = Automatic;
				INFOPLIST_FILE = "ScrollView&&PageControl_Demo/Info.plist";
				LD_RUNPATH_SEARCH_PATHS = (
					"$(inherited)",
					"@executable_path/Frameworks",
				);
				PRODUCT_BUNDLE_IDENTIFIER = "com.yourcompany.ScrollView--PageControl-Demo";
				PRODUCT_NAME = "$(TARGET_NAME)";
				SWIFT_VERSION = 4.0;
				TARGETED_DEVICE_FAMILY = "1,2";
			};
			name = Release;
		};
		185FE7C220A1B02E00C22837 /* Debug */ = {
			isa = XCBuildConfiguration;
			buildSettings = {
				ALWAYS_EMBED_SWIFT_STANDARD_LIBRARIES = YES;
				BUNDLE_LOADER = "$(TEST_HOST)";
				CODE_SIGN_STYLE = Automatic;
				INFOPLIST_FILE = "ScrollView&&PageControl_DemoTests/Info.plist";
				LD_RUNPATH_SEARCH_PATHS = (
					"$(inherited)",
					"@executable_path/Frameworks",
					"@loader_path/Frameworks",
				);
				PRODUCT_BUNDLE_IDENTIFIER = "com.yourcompany.ScrollView--PageControl-DemoTests";
				PRODUCT_NAME = "$(TARGET_NAME)";
				SWIFT_VERSION = 4.0;
				TARGETED_DEVICE_FAMILY = "1,2";
				TEST_HOST = "$(BUILT_PRODUCTS_DIR)/ScrollView&&PageControl_Demo.app/ScrollView&&PageControl_Demo";
			};
			name = Debug;
		};
		185FE7C320A1B02E00C22837 /* Release */ = {
			isa = XCBuildConfiguration;
			buildSettings = {
				ALWAYS_EMBED_SWIFT_STANDARD_LIBRARIES = YES;
				BUNDLE_LOADER = "$(TEST_HOST)";
				CODE_SIGN_STYLE = Automatic;
				INFOPLIST_FILE = "ScrollView&&PageControl_DemoTests/Info.plist";
				LD_RUNPATH_SEARCH_PATHS = (
					"$(inherited)",
					"@executable_path/Frameworks",
					"@loader_path/Frameworks",
				);
				PRODUCT_BUNDLE_IDENTIFIER = "com.yourcompany.ScrollView--PageControl-DemoTests";
				PRODUCT_NAME = "$(TARGET_NAME)";
				SWIFT_VERSION = 4.0;
				TARGETED_DEVICE_FAMILY = "1,2";
				TEST_HOST = "$(BUILT_PRODUCTS_DIR)/ScrollView&&PageControl_Demo.app/ScrollView&&PageControl_Demo";
			};
			name = Release;
		};
		185FE7C520A1B02E00C22837 /* Debug */ = {
			isa = XCBuildConfiguration;
			buildSettings = {
				ALWAYS_EMBED_SWIFT_STANDARD_LIBRARIES = YES;
				CODE_SIGN_STYLE = Automatic;
				INFOPLIST_FILE = "ScrollView&&PageControl_DemoUITests/Info.plist";
				LD_RUNPATH_SEARCH_PATHS = (
					"$(inherited)",
					"@executable_path/Frameworks",
					"@loader_path/Frameworks",
				);
				PRODUCT_BUNDLE_IDENTIFIER = "com.yourcompany.ScrollView--PageControl-DemoUITests";
				PRODUCT_NAME = "$(TARGET_NAME)";
				SWIFT_VERSION = 4.0;
				TARGETED_DEVICE_FAMILY = "1,2";
				TEST_TARGET_NAME = "ScrollView&&PageControl_Demo";
			};
			name = Debug;
		};
		185FE7C620A1B02E00C22837 /* Release */ = {
			isa = XCBuildConfiguration;
			buildSettings = {
				ALWAYS_EMBED_SWIFT_STANDARD_LIBRARIES = YES;
				CODE_SIGN_STYLE = Automatic;
				INFOPLIST_FILE = "ScrollView&&PageControl_DemoUITests/Info.plist";
				LD_RUNPATH_SEARCH_PATHS = (
					"$(inherited)",
					"@executable_path/Frameworks",
					"@loader_path/Frameworks",
				);
				PRODUCT_BUNDLE_IDENTIFIER = "com.yourcompany.ScrollView--PageControl-DemoUITests";
				PRODUCT_NAME = "$(TARGET_NAME)";
				SWIFT_VERSION = 4.0;
				TARGETED_DEVICE_FAMILY = "1,2";
				TEST_TARGET_NAME = "ScrollView&&PageControl_Demo";
			};
			name = Release;
		};
/* End XCBuildConfiguration section */

/* Begin XCConfigurationList section */
		185FE79120A1B02C00C22837 /* Build configuration list for PBXProject "ScrollView&&PageControl_Demo" */ = {
			isa = XCConfigurationList;
			buildConfigurations = (
				185FE7BC20A1B02E00C22837 /* Debug */,
				185FE7BD20A1B02E00C22837 /* Release */,
			);
			defaultConfigurationIsVisible = 0;
			defaultConfigurationName = Release;
		};
		185FE7BE20A1B02E00C22837 /* Build configuration list for PBXNativeTarget "ScrollView&&PageControl_Demo" */ = {
			isa = XCConfigurationList;
			buildConfigurations = (
				185FE7BF20A1B02E00C22837 /* Debug */,
				185FE7C020A1B02E00C22837 /* Release */,
			);
			defaultConfigurationIsVisible = 0;
			defaultConfigurationName = Release;
		};
		185FE7C120A1B02E00C22837 /* Build configuration list for PBXNativeTarget "ScrollView&&PageControl_DemoTests" */ = {
			isa = XCConfigurationList;
			buildConfigurations = (
				185FE7C220A1B02E00C22837 /* Debug */,
				185FE7C320A1B02E00C22837 /* Release */,
			);
			defaultConfigurationIsVisible = 0;
			defaultConfigurationName = Release;
		};
		185FE7C420A1B02E00C22837 /* Build configuration list for PBXNativeTarget "ScrollView&&PageControl_DemoUITests" */ = {
			isa = XCConfigurationList;
			buildConfigurations = (
				185FE7C520A1B02E00C22837 /* Debug */,
				185FE7C620A1B02E00C22837 /* Release */,
			);
			defaultConfigurationIsVisible = 0;
			defaultConfigurationName = Release;
		};
/* End XCConfigurationList section */
	};
	rootObject = 185FE78E20A1B02C00C22837 /* Project object */;
}
